
Microsoft Visual Studio Solution File, Format Version 12.00
# Visual Studio Version 16
VisualStudioVersion = 16.0.29102.190
MinimumVisualStudioVersion = 10.0.40219.1
Project("{FAE04EC0-301F-11D3-BF4B-00C04F79EFBC}") = "AVeryBigSum", "AVeryBigSum.csproj", "{E75CCAE1-AD26-45C5-B20D-D585D1EFBCE9}"
EndProject
Global
	GlobalSection(SolutionConfigurationPlatforms) = preSolution
		Debug|Any CPU = Debug|Any CPU
		Release|Any CPU = Release|Any CPU
	EndGlobalSection
	GlobalSection(ProjectConfigurationPlatforms) = postSolution
		{E75CCAE1-AD26-45C5-B20D-D585D1EFBCE9}.Debug|Any CPU.ActiveCfg = Debug|Any CPU
		{E75CCAE1-AD26-45C5-B20D-D585D1EFBCE9}.Debug|Any CPU.Build.0 = Debug|Any CPU
		{E75CCAE1-AD26-45C5-B20D-D585D1EFBCE9}.Release|Any CPU.ActiveCfg = Release|Any CPU
		{E75CCAE1-AD26-45C5-B20D-D585D1EFBCE9}.Release|Any CPU.Build.0 = Release|Any CPU
	EndGlobalSection
	GlobalSection(SolutionProperties) = preSolution
		HideSolutionNode = FALSE
	EndGlobalSection
	GlobalSection(ExtensibilityGlobals) = postSolution
		SolutionGuid = {062B23EF-5A0D-4964-B163-24B4D6E6DF35}
	EndGlobalSection
EndGlobal
