
Microsoft Visual Studio Solution File, Format Version 12.00
# Visual Studio Version 16
VisualStudioVersion = 16.0.29102.190
MinimumVisualStudioVersion = 10.0.40219.1
Project("{FAE04EC0-301F-11D3-BF4B-00C04F79EFBC}") = "CompareTriplets", "CompareTriplets.csproj", "{3957620F-4140-4E25-9657-1B48160BB55A}"
EndProject
Global
	GlobalSection(SolutionConfigurationPlatforms) = preSolution
		Debug|Any CPU = Debug|Any CPU
		Release|Any CPU = Release|Any CPU
	EndGlobalSection
	GlobalSection(ProjectConfigurationPlatforms) = postSolution
		{3957620F-4140-4E25-9657-1B48160BB55A}.Debug|Any CPU.ActiveCfg = Debug|Any CPU
		{3957620F-4140-4E25-9657-1B48160BB55A}.Debug|Any CPU.Build.0 = Debug|Any CPU
		{3957620F-4140-4E25-9657-1B48160BB55A}.Release|Any CPU.ActiveCfg = Release|Any CPU
		{3957620F-4140-4E25-9657-1B48160BB55A}.Release|Any CPU.Build.0 = Release|Any CPU
	EndGlobalSection
	GlobalSection(SolutionProperties) = preSolution
		HideSolutionNode = FALSE
	EndGlobalSection
	GlobalSection(ExtensibilityGlobals) = postSolution
		SolutionGuid = {BA04FF20-6F66-41F7-AF14-AA8751719EB3}
	EndGlobalSection
EndGlobal
